# This file was autogenerated by Stack.
# You should not edit this file by hand.
# For more information, please see the documentation at:
#   https://docs.haskellstack.org/en/stable/lock_files

packages:
- completed:
    hackage: Stack-0.4.0@sha256:ada69a23ed9bbaf97260397f6b39b7a1f4e22a11bcac3fe2e8f23f1513f59fd8,1092
    pantry-tree:
      size: 355
      sha256: 4a0e8d5c268b9d19cb472ac94f0e2291afbb899ce4f5878bbbe86effeba36c6f
  original:
    hackage: Stack-0.4.0@sha256:ada69a23ed9bbaf97260397f6b39b7a1f4e22a11bcac3fe2e8f23f1513f59fd8,1092
snapshots:
- completed:
    size: 586268
    url: https://raw.githubusercontent.com/commercialhaskell/stackage-snapshots/master/lts/18/13.yaml
    sha256: d9e658a22cfe8d87a64fdf219885f942fef5fe2bcb156a9800174911c5da2443
  original:
    url: https://raw.githubusercontent.com/commercialhaskell/stackage-snapshots/master/lts/18/13.yaml
